
Microsoft Visual Studio Solution File, Format Version 12.00
# Visual Studio 15
VisualStudioVersion = 15.0.28307.902
MinimumVisualStudioVersion = 10.0.40219.1
Project("{FAE04EC0-301F-11D3-BF4B-00C04F79EFBC}") = "Ex01Locadora", "Ex01Locadora\Ex01Locadora.csproj", "{1FB0E4ED-7338-4471-9464-EBBF6B8B5501}"
EndProject
Global
	GlobalSection(SolutionConfigurationPlatforms) = preSolution
		Debug|Any CPU = Debug|Any CPU
		Release|Any CPU = Release|Any CPU
	EndGlobalSection
	GlobalSection(ProjectConfigurationPlatforms) = postSolution
		{1FB0E4ED-7338-4471-9464-EBBF6B8B5501}.Debug|Any CPU.ActiveCfg = Debug|Any CPU
		{1FB0E4ED-7338-4471-9464-EBBF6B8B5501}.Debug|Any CPU.Build.0 = Debug|Any CPU
		{1FB0E4ED-7338-4471-9464-EBBF6B8B5501}.Release|Any CPU.ActiveCfg = Release|Any CPU
		{1FB0E4ED-7338-4471-9464-EBBF6B8B5501}.Release|Any CPU.Build.0 = Release|Any CPU
	EndGlobalSection
	GlobalSection(SolutionProperties) = preSolution
		HideSolutionNode = FALSE
	EndGlobalSection
	GlobalSection(ExtensibilityGlobals) = postSolution
		SolutionGuid = {46125157-E1A0-4AE7-B3DC-1B627E72C3E9}
	EndGlobalSection
EndGlobal
