
Microsoft Visual Studio Solution File, Format Version 12.00
# Visual Studio 15
VisualStudioVersion = 15.0.28307.902
MinimumVisualStudioVersion = 10.0.40219.1
Project("{FAE04EC0-301F-11D3-BF4B-00C04F79EFBC}") = "Ex05 Metodos Abstratos", "Ex05 Metodos Abstratos\Ex05 Metodos Abstratos.csproj", "{1B858C16-8AD9-4FE5-9AC6-9CD995F325C1}"
EndProject
Global
	GlobalSection(SolutionConfigurationPlatforms) = preSolution
		Debug|Any CPU = Debug|Any CPU
		Release|Any CPU = Release|Any CPU
	EndGlobalSection
	GlobalSection(ProjectConfigurationPlatforms) = postSolution
		{1B858C16-8AD9-4FE5-9AC6-9CD995F325C1}.Debug|Any CPU.ActiveCfg = Debug|Any CPU
		{1B858C16-8AD9-4FE5-9AC6-9CD995F325C1}.Debug|Any CPU.Build.0 = Debug|Any CPU
		{1B858C16-8AD9-4FE5-9AC6-9CD995F325C1}.Release|Any CPU.ActiveCfg = Release|Any CPU
		{1B858C16-8AD9-4FE5-9AC6-9CD995F325C1}.Release|Any CPU.Build.0 = Release|Any CPU
	EndGlobalSection
	GlobalSection(SolutionProperties) = preSolution
		HideSolutionNode = FALSE
	EndGlobalSection
	GlobalSection(ExtensibilityGlobals) = postSolution
		SolutionGuid = {C422F720-1CA2-4612-8717-8D31DCF4CDB1}
	EndGlobalSection
EndGlobal
