
Microsoft Visual Studio Solution File, Format Version 12.00
# Visual Studio 15
VisualStudioVersion = 15.0.28307.902
MinimumVisualStudioVersion = 10.0.40219.1
Project("{FAE04EC0-301F-11D3-BF4B-00C04F79EFBC}") = "Tipos Data e Hora", "Tipos Data e Hora\Tipos Data e Hora.csproj", "{B8A131D0-3C8C-4A06-B911-72AF0818B8A5}"
EndProject
Global
	GlobalSection(SolutionConfigurationPlatforms) = preSolution
		Debug|Any CPU = Debug|Any CPU
		Release|Any CPU = Release|Any CPU
	EndGlobalSection
	GlobalSection(ProjectConfigurationPlatforms) = postSolution
		{B8A131D0-3C8C-4A06-B911-72AF0818B8A5}.Debug|Any CPU.ActiveCfg = Debug|Any CPU
		{B8A131D0-3C8C-4A06-B911-72AF0818B8A5}.Debug|Any CPU.Build.0 = Debug|Any CPU
		{B8A131D0-3C8C-4A06-B911-72AF0818B8A5}.Release|Any CPU.ActiveCfg = Release|Any CPU
		{B8A131D0-3C8C-4A06-B911-72AF0818B8A5}.Release|Any CPU.Build.0 = Release|Any CPU
	EndGlobalSection
	GlobalSection(SolutionProperties) = preSolution
		HideSolutionNode = FALSE
	EndGlobalSection
	GlobalSection(ExtensibilityGlobals) = postSolution
		SolutionGuid = {1975E81B-C177-47ED-919A-85BDA02CA39A}
	EndGlobalSection
EndGlobal
