
Microsoft Visual Studio Solution File, Format Version 12.00
# Visual Studio 15
VisualStudioVersion = 15.0.28307.902
MinimumVisualStudioVersion = 10.0.40219.1
Project("{FAE04EC0-301F-11D3-BF4B-00C04F79EFBC}") = "DateTime ISO 8601", "DateTime ISO 8601\DateTime ISO 8601.csproj", "{A2D7B2C9-C899-4B26-94C6-135504AFE6ED}"
EndProject
Global
	GlobalSection(SolutionConfigurationPlatforms) = preSolution
		Debug|Any CPU = Debug|Any CPU
		Release|Any CPU = Release|Any CPU
	EndGlobalSection
	GlobalSection(ProjectConfigurationPlatforms) = postSolution
		{A2D7B2C9-C899-4B26-94C6-135504AFE6ED}.Debug|Any CPU.ActiveCfg = Debug|Any CPU
		{A2D7B2C9-C899-4B26-94C6-135504AFE6ED}.Debug|Any CPU.Build.0 = Debug|Any CPU
		{A2D7B2C9-C899-4B26-94C6-135504AFE6ED}.Release|Any CPU.ActiveCfg = Release|Any CPU
		{A2D7B2C9-C899-4B26-94C6-135504AFE6ED}.Release|Any CPU.Build.0 = Release|Any CPU
	EndGlobalSection
	GlobalSection(SolutionProperties) = preSolution
		HideSolutionNode = FALSE
	EndGlobalSection
	GlobalSection(ExtensibilityGlobals) = postSolution
		SolutionGuid = {3873FADC-DD56-45F0-A8D2-9ECE72496197}
	EndGlobalSection
EndGlobal
