
Microsoft Visual Studio Solution File, Format Version 12.00
# Visual Studio 15
VisualStudioVersion = 15.0.28307.902
MinimumVisualStudioVersion = 10.0.40219.1
Project("{FAE04EC0-301F-11D3-BF4B-00C04F79EFBC}") = "Ex Matriz 03", "Ex Matriz 03\Ex Matriz 03.csproj", "{B80BB2A0-9EE9-4093-B3FA-C2AEECB14377}"
EndProject
Global
	GlobalSection(SolutionConfigurationPlatforms) = preSolution
		Debug|Any CPU = Debug|Any CPU
		Release|Any CPU = Release|Any CPU
	EndGlobalSection
	GlobalSection(ProjectConfigurationPlatforms) = postSolution
		{B80BB2A0-9EE9-4093-B3FA-C2AEECB14377}.Debug|Any CPU.ActiveCfg = Debug|Any CPU
		{B80BB2A0-9EE9-4093-B3FA-C2AEECB14377}.Debug|Any CPU.Build.0 = Debug|Any CPU
		{B80BB2A0-9EE9-4093-B3FA-C2AEECB14377}.Release|Any CPU.ActiveCfg = Release|Any CPU
		{B80BB2A0-9EE9-4093-B3FA-C2AEECB14377}.Release|Any CPU.Build.0 = Release|Any CPU
	EndGlobalSection
	GlobalSection(SolutionProperties) = preSolution
		HideSolutionNode = FALSE
	EndGlobalSection
	GlobalSection(ExtensibilityGlobals) = postSolution
		SolutionGuid = {6581E753-D8BF-41FE-9EC9-CFB88271AEE9}
	EndGlobalSection
EndGlobal
