
Microsoft Visual Studio Solution File, Format Version 12.00
# Visual Studio 15
VisualStudioVersion = 15.0.28307.902
MinimumVisualStudioVersion = 10.0.40219.1
Project("{FAE04EC0-301F-11D3-BF4B-00C04F79EFBC}") = "FileStreamStreamReader", "FileStreamStreamReader\FileStreamStreamReader.csproj", "{DFF911EA-DBE4-4615-B216-5E7A06B4BE4E}"
EndProject
Global
	GlobalSection(SolutionConfigurationPlatforms) = preSolution
		Debug|Any CPU = Debug|Any CPU
		Release|Any CPU = Release|Any CPU
	EndGlobalSection
	GlobalSection(ProjectConfigurationPlatforms) = postSolution
		{DFF911EA-DBE4-4615-B216-5E7A06B4BE4E}.Debug|Any CPU.ActiveCfg = Debug|Any CPU
		{DFF911EA-DBE4-4615-B216-5E7A06B4BE4E}.Debug|Any CPU.Build.0 = Debug|Any CPU
		{DFF911EA-DBE4-4615-B216-5E7A06B4BE4E}.Release|Any CPU.ActiveCfg = Release|Any CPU
		{DFF911EA-DBE4-4615-B216-5E7A06B4BE4E}.Release|Any CPU.Build.0 = Release|Any CPU
	EndGlobalSection
	GlobalSection(SolutionProperties) = preSolution
		HideSolutionNode = FALSE
	EndGlobalSection
	GlobalSection(ExtensibilityGlobals) = postSolution
		SolutionGuid = {785F9147-D27F-45FA-91A4-66ACF5E59C3D}
	EndGlobalSection
EndGlobal
