
Microsoft Visual Studio Solution File, Format Version 12.00
# Visual Studio 15
VisualStudioVersion = 15.0.28307.902
MinimumVisualStudioVersion = 10.0.40219.1
Project("{FAE04EC0-301F-11D3-BF4B-00C04F79EFBC}") = "Ex01Comparison", "Ex01Comparison\Ex01Comparison.csproj", "{718396B7-999C-4DCF-8774-59DFB3C2726A}"
EndProject
Global
	GlobalSection(SolutionConfigurationPlatforms) = preSolution
		Debug|Any CPU = Debug|Any CPU
		Release|Any CPU = Release|Any CPU
	EndGlobalSection
	GlobalSection(ProjectConfigurationPlatforms) = postSolution
		{718396B7-999C-4DCF-8774-59DFB3C2726A}.Debug|Any CPU.ActiveCfg = Debug|Any CPU
		{718396B7-999C-4DCF-8774-59DFB3C2726A}.Debug|Any CPU.Build.0 = Debug|Any CPU
		{718396B7-999C-4DCF-8774-59DFB3C2726A}.Release|Any CPU.ActiveCfg = Release|Any CPU
		{718396B7-999C-4DCF-8774-59DFB3C2726A}.Release|Any CPU.Build.0 = Release|Any CPU
	EndGlobalSection
	GlobalSection(SolutionProperties) = preSolution
		HideSolutionNode = FALSE
	EndGlobalSection
	GlobalSection(ExtensibilityGlobals) = postSolution
		SolutionGuid = {C8631F96-B664-48E9-81A9-240CCFB6DF63}
	EndGlobalSection
EndGlobal
