
Microsoft Visual Studio Solution File, Format Version 12.00
# Visual Studio 15
VisualStudioVersion = 15.0.28307.902
MinimumVisualStudioVersion = 10.0.40219.1
Project("{FAE04EC0-301F-11D3-BF4B-00C04F79EFBC}") = "Exercicio 03", "Exercicio 03\Exercicio 03.csproj", "{A6051822-26EF-4384-AB17-9E0648B6B357}"
EndProject
Global
	GlobalSection(SolutionConfigurationPlatforms) = preSolution
		Debug|Any CPU = Debug|Any CPU
		Release|Any CPU = Release|Any CPU
	EndGlobalSection
	GlobalSection(ProjectConfigurationPlatforms) = postSolution
		{A6051822-26EF-4384-AB17-9E0648B6B357}.Debug|Any CPU.ActiveCfg = Debug|Any CPU
		{A6051822-26EF-4384-AB17-9E0648B6B357}.Debug|Any CPU.Build.0 = Debug|Any CPU
		{A6051822-26EF-4384-AB17-9E0648B6B357}.Release|Any CPU.ActiveCfg = Release|Any CPU
		{A6051822-26EF-4384-AB17-9E0648B6B357}.Release|Any CPU.Build.0 = Release|Any CPU
	EndGlobalSection
	GlobalSection(SolutionProperties) = preSolution
		HideSolutionNode = FALSE
	EndGlobalSection
	GlobalSection(ExtensibilityGlobals) = postSolution
		SolutionGuid = {F070EDAC-9785-4F36-A806-C62AFF0823E2}
	EndGlobalSection
EndGlobal
