
Microsoft Visual Studio Solution File, Format Version 12.00
# Visual Studio 15
VisualStudioVersion = 15.0.28307.902
MinimumVisualStudioVersion = 10.0.40219.1
Project("{FAE04EC0-301F-11D3-BF4B-00C04F79EFBC}") = "QuartoExercicio", "QuartoExercicio\QuartoExercicio.csproj", "{E5CD860C-2FC5-49C9-BDF8-DB197A48830C}"
EndProject
Global
	GlobalSection(SolutionConfigurationPlatforms) = preSolution
		Debug|Any CPU = Debug|Any CPU
		Release|Any CPU = Release|Any CPU
	EndGlobalSection
	GlobalSection(ProjectConfigurationPlatforms) = postSolution
		{E5CD860C-2FC5-49C9-BDF8-DB197A48830C}.Debug|Any CPU.ActiveCfg = Debug|Any CPU
		{E5CD860C-2FC5-49C9-BDF8-DB197A48830C}.Debug|Any CPU.Build.0 = Debug|Any CPU
		{E5CD860C-2FC5-49C9-BDF8-DB197A48830C}.Release|Any CPU.ActiveCfg = Release|Any CPU
		{E5CD860C-2FC5-49C9-BDF8-DB197A48830C}.Release|Any CPU.Build.0 = Release|Any CPU
	EndGlobalSection
	GlobalSection(SolutionProperties) = preSolution
		HideSolutionNode = FALSE
	EndGlobalSection
	GlobalSection(ExtensibilityGlobals) = postSolution
		SolutionGuid = {DFBCF208-40E1-43AA-87E6-05DB50FB5D51}
	EndGlobalSection
EndGlobal
