
Microsoft Visual Studio Solution File, Format Version 12.00
# Visual Studio 15
VisualStudioVersion = 15.0.28307.902
MinimumVisualStudioVersion = 10.0.40219.1
Project("{FAE04EC0-301F-11D3-BF4B-00C04F79EFBC}") = "BlocoUsing", "BlocoUsing\BlocoUsing.csproj", "{8D723D76-FC1A-482A-B608-69CBCAAB134B}"
EndProject
Global
	GlobalSection(SolutionConfigurationPlatforms) = preSolution
		Debug|Any CPU = Debug|Any CPU
		Release|Any CPU = Release|Any CPU
	EndGlobalSection
	GlobalSection(ProjectConfigurationPlatforms) = postSolution
		{8D723D76-FC1A-482A-B608-69CBCAAB134B}.Debug|Any CPU.ActiveCfg = Debug|Any CPU
		{8D723D76-FC1A-482A-B608-69CBCAAB134B}.Debug|Any CPU.Build.0 = Debug|Any CPU
		{8D723D76-FC1A-482A-B608-69CBCAAB134B}.Release|Any CPU.ActiveCfg = Release|Any CPU
		{8D723D76-FC1A-482A-B608-69CBCAAB134B}.Release|Any CPU.Build.0 = Release|Any CPU
	EndGlobalSection
	GlobalSection(SolutionProperties) = preSolution
		HideSolutionNode = FALSE
	EndGlobalSection
	GlobalSection(ExtensibilityGlobals) = postSolution
		SolutionGuid = {CDD4E93E-383F-4E71-9434-B82624DADD5B}
	EndGlobalSection
EndGlobal
