
Microsoft Visual Studio Solution File, Format Version 12.00
# Visual Studio 15
VisualStudioVersion = 15.0.28307.902
MinimumVisualStudioVersion = 10.0.40219.1
Project("{FAE04EC0-301F-11D3-BF4B-00C04F79EFBC}") = "meu-xadrez", "meu-xadrez\meu-xadrez.csproj", "{506E3268-8185-437D-A78D-F90C6A356113}"
EndProject
Global
	GlobalSection(SolutionConfigurationPlatforms) = preSolution
		Debug|Any CPU = Debug|Any CPU
		Release|Any CPU = Release|Any CPU
	EndGlobalSection
	GlobalSection(ProjectConfigurationPlatforms) = postSolution
		{506E3268-8185-437D-A78D-F90C6A356113}.Debug|Any CPU.ActiveCfg = Debug|Any CPU
		{506E3268-8185-437D-A78D-F90C6A356113}.Debug|Any CPU.Build.0 = Debug|Any CPU
		{506E3268-8185-437D-A78D-F90C6A356113}.Release|Any CPU.ActiveCfg = Release|Any CPU
		{506E3268-8185-437D-A78D-F90C6A356113}.Release|Any CPU.Build.0 = Release|Any CPU
	EndGlobalSection
	GlobalSection(SolutionProperties) = preSolution
		HideSolutionNode = FALSE
	EndGlobalSection
	GlobalSection(ExtensibilityGlobals) = postSolution
		SolutionGuid = {207F6090-87BE-44A4-80C9-1541DB481BE9}
	EndGlobalSection
EndGlobal
