
Microsoft Visual Studio Solution File, Format Version 12.00
# Visual Studio 15
VisualStudioVersion = 15.0.28307.902
MinimumVisualStudioVersion = 10.0.40219.1
Project("{FAE04EC0-301F-11D3-BF4B-00C04F79EFBC}") = "Ex08Linq2", "Ex08Linq2\Ex08Linq2.csproj", "{721789A8-1C7A-4E8B-98FE-9A7A80F605B6}"
EndProject
Global
	GlobalSection(SolutionConfigurationPlatforms) = preSolution
		Debug|Any CPU = Debug|Any CPU
		Release|Any CPU = Release|Any CPU
	EndGlobalSection
	GlobalSection(ProjectConfigurationPlatforms) = postSolution
		{721789A8-1C7A-4E8B-98FE-9A7A80F605B6}.Debug|Any CPU.ActiveCfg = Debug|Any CPU
		{721789A8-1C7A-4E8B-98FE-9A7A80F605B6}.Debug|Any CPU.Build.0 = Debug|Any CPU
		{721789A8-1C7A-4E8B-98FE-9A7A80F605B6}.Release|Any CPU.ActiveCfg = Release|Any CPU
		{721789A8-1C7A-4E8B-98FE-9A7A80F605B6}.Release|Any CPU.Build.0 = Release|Any CPU
	EndGlobalSection
	GlobalSection(SolutionProperties) = preSolution
		HideSolutionNode = FALSE
	EndGlobalSection
	GlobalSection(ExtensibilityGlobals) = postSolution
		SolutionGuid = {3179A610-9D65-41D5-813D-EC8930CEAB5D}
	EndGlobalSection
EndGlobal
