
Microsoft Visual Studio Solution File, Format Version 12.00
# Visual Studio 15
VisualStudioVersion = 15.0.28307.902
MinimumVisualStudioVersion = 10.0.40219.1
Project("{FAE04EC0-301F-11D3-BF4B-00C04F79EFBC}") = "ExercicioFixacao 01", "ExercicioFixacao 01\ExercicioFixacao 01.csproj", "{F3FB0B2A-1672-4850-9481-E26E1F98474F}"
EndProject
Global
	GlobalSection(SolutionConfigurationPlatforms) = preSolution
		Debug|Any CPU = Debug|Any CPU
		Release|Any CPU = Release|Any CPU
	EndGlobalSection
	GlobalSection(ProjectConfigurationPlatforms) = postSolution
		{F3FB0B2A-1672-4850-9481-E26E1F98474F}.Debug|Any CPU.ActiveCfg = Debug|Any CPU
		{F3FB0B2A-1672-4850-9481-E26E1F98474F}.Debug|Any CPU.Build.0 = Debug|Any CPU
		{F3FB0B2A-1672-4850-9481-E26E1F98474F}.Release|Any CPU.ActiveCfg = Release|Any CPU
		{F3FB0B2A-1672-4850-9481-E26E1F98474F}.Release|Any CPU.Build.0 = Release|Any CPU
	EndGlobalSection
	GlobalSection(SolutionProperties) = preSolution
		HideSolutionNode = FALSE
	EndGlobalSection
	GlobalSection(ExtensibilityGlobals) = postSolution
		SolutionGuid = {4AE82977-E0C7-478A-90F0-7622A953F9B6}
	EndGlobalSection
EndGlobal
